
Microsoft Visual Studio Solution File, Format Version 12.00
# Visual Studio Version 17
VisualStudioVersion = 17.3.32825.248
MinimumVisualStudioVersion = 10.0.40219.1
Project("{FAE04EC0-301F-11D3-BF4B-00C04F79EFBC}") = "AtividadeApp04", "AtividadeApp04\AtividadeApp04.csproj", "{4945AD89-6F35-4B61-B06B-ED3866AE92DA}"
EndProject
Global
	GlobalSection(SolutionConfigurationPlatforms) = preSolution
		Debug|Any CPU = Debug|Any CPU
		Release|Any CPU = Release|Any CPU
	EndGlobalSection
	GlobalSection(ProjectConfigurationPlatforms) = postSolution
		{4945AD89-6F35-4B61-B06B-ED3866AE92DA}.Debug|Any CPU.ActiveCfg = Debug|Any CPU
		{4945AD89-6F35-4B61-B06B-ED3866AE92DA}.Debug|Any CPU.Build.0 = Debug|Any CPU
		{4945AD89-6F35-4B61-B06B-ED3866AE92DA}.Release|Any CPU.ActiveCfg = Release|Any CPU
		{4945AD89-6F35-4B61-B06B-ED3866AE92DA}.Release|Any CPU.Build.0 = Release|Any CPU
	EndGlobalSection
	GlobalSection(SolutionProperties) = preSolution
		HideSolutionNode = FALSE
	EndGlobalSection
	GlobalSection(ExtensibilityGlobals) = postSolution
		SolutionGuid = {0F3D62C0-4186-458E-84C1-6D8745775C3E}
	EndGlobalSection
EndGlobal
