
Microsoft Visual Studio Solution File, Format Version 12.00
# Visual Studio Version 17
VisualStudioVersion = 17.3.32825.248
MinimumVisualStudioVersion = 10.0.40219.1
Project("{FAE04EC0-301F-11D3-BF4B-00C04F79EFBC}") = "AtividadeApp02", "AtividadeApp02\AtividadeApp02.csproj", "{9749415B-976B-4BEB-840D-25E78C859EC3}"
EndProject
Global
	GlobalSection(SolutionConfigurationPlatforms) = preSolution
		Debug|Any CPU = Debug|Any CPU
		Release|Any CPU = Release|Any CPU
	EndGlobalSection
	GlobalSection(ProjectConfigurationPlatforms) = postSolution
		{9749415B-976B-4BEB-840D-25E78C859EC3}.Debug|Any CPU.ActiveCfg = Debug|Any CPU
		{9749415B-976B-4BEB-840D-25E78C859EC3}.Debug|Any CPU.Build.0 = Debug|Any CPU
		{9749415B-976B-4BEB-840D-25E78C859EC3}.Release|Any CPU.ActiveCfg = Release|Any CPU
		{9749415B-976B-4BEB-840D-25E78C859EC3}.Release|Any CPU.Build.0 = Release|Any CPU
	EndGlobalSection
	GlobalSection(SolutionProperties) = preSolution
		HideSolutionNode = FALSE
	EndGlobalSection
	GlobalSection(ExtensibilityGlobals) = postSolution
		SolutionGuid = {F183D4FD-9B8F-4EFB-B0D0-1FAE9190B85B}
	EndGlobalSection
EndGlobal
